
Microsoft Visual Studio Solution File, Format Version 12.00
# Visual Studio Version 17
VisualStudioVersion = 17.8.34309.116
MinimumVisualStudioVersion = 10.0.40219.1
Project("{FAE04EC0-301F-11D3-BF4B-00C04F79EFBC}") = "HW 1 week 2", "HW 1 week 2\HW 1 week 2.csproj", "{03D0DCF4-CB6E-417A-8A1A-E25AB4016364}"
EndProject
Global
	GlobalSection(SolutionConfigurationPlatforms) = preSolution
		Debug|Any CPU = Debug|Any CPU
		Release|Any CPU = Release|Any CPU
	EndGlobalSection
	GlobalSection(ProjectConfigurationPlatforms) = postSolution
		{03D0DCF4-CB6E-417A-8A1A-E25AB4016364}.Debug|Any CPU.ActiveCfg = Debug|Any CPU
		{03D0DCF4-CB6E-417A-8A1A-E25AB4016364}.Debug|Any CPU.Build.0 = Debug|Any CPU
		{03D0DCF4-CB6E-417A-8A1A-E25AB4016364}.Release|Any CPU.ActiveCfg = Release|Any CPU
		{03D0DCF4-CB6E-417A-8A1A-E25AB4016364}.Release|Any CPU.Build.0 = Release|Any CPU
	EndGlobalSection
	GlobalSection(SolutionProperties) = preSolution
		HideSolutionNode = FALSE
	EndGlobalSection
	GlobalSection(ExtensibilityGlobals) = postSolution
		SolutionGuid = {B48836FE-41B1-49A6-8E3A-399E6DE3C613}
	EndGlobalSection
EndGlobal
